
Microsoft Visual Studio Solution File, Format Version 12.00
# Visual Studio Version 16
VisualStudioVersion = 16.0.30804.86
MinimumVisualStudioVersion = 10.0.40219.1
Project("{2150E333-8FDC-42A3-9474-1A3956D46DE8}") = "Source", "Source", "{0317DF35-F5C5-4986-BA37-40C28554268F}"
EndProject
Project("{2150E333-8FDC-42A3-9474-1A3956D46DE8}") = "SolutionItems", "SolutionItems", "{275B08FA-6837-4A32-B890-0ADE2DE4C3F7}"
	ProjectSection(SolutionItems) = preProject
		BlazorHero.CleanArchitecture.DotSettings = BlazorHero.CleanArchitecture.DotSettings
		BlazorHero.CleanArchitecture.snk = BlazorHero.CleanArchitecture.snk
		Directory.Build.props = Directory.Build.props
		Features.md = Features.md
		LICENSE = LICENSE
		Package.Build.props = Package.Build.props
		PublicToken.txt = PublicToken.txt
		README.md = README.md
		SolutionInfo.cs = SolutionInfo.cs
		SolutionInfo.vb = SolutionInfo.vb
		SolutionInfoTest.cs = SolutionInfoTest.cs
		Test.Build.props = Test.Build.props
	EndProjectSection
EndProject
Project("{2150E333-8FDC-42A3-9474-1A3956D46DE8}") = "Client", "Client", "{885BB018-5B07-4038-B061-71B70188933B}"
EndProject
Project("{2150E333-8FDC-42A3-9474-1A3956D46DE8}") = "Core", "Core", "{D564603F-8CDE-4D4C-9683-67FA9DCE7F12}"
EndProject
Project("{2150E333-8FDC-42A3-9474-1A3956D46DE8}") = "Infrastructure", "Infrastructure", "{39A93E2F-51DE-47C0-93AF-A24561630C18}"
EndProject
Project("{9A19103F-16F7-4668-BE54-9A1E7A4F7556}") = "BlazorHero.CleanArchitecture.Server", "BlazorHero.CleanArchitecture\Server\BlazorHero.CleanArchitecture.Server.csproj", "{E306E167-C5CB-470B-A55E-60843F143B05}"
	ProjectSection(ProjectDependencies) = postProject
		{D22763DC-33FD-453E-AF00-A2028689F978} = {D22763DC-33FD-453E-AF00-A2028689F978}
	EndProjectSection
EndProject
Project("{9A19103F-16F7-4668-BE54-9A1E7A4F7556}") = "BlazorHero.CleanArchitecture.Client", "BlazorHero.CleanArchitecture\Client\BlazorHero.CleanArchitecture.Client.csproj", "{DB1309A5-3FAB-48EC-B5DF-582E8DFFE138}"
EndProject
Project("{2150E333-8FDC-42A3-9474-1A3956D46DE8}") = "Server", "Server", "{BAC861DD-C8B1-40D7-AE95-BCA8FA3F8966}"
EndProject
Project("{9A19103F-16F7-4668-BE54-9A1E7A4F7556}") = "BlazorHero.CleanArchitecture.Domain", "BlazorHero.CleanArchitecture.Domain\BlazorHero.CleanArchitecture.Domain.csproj", "{A7B45D03-7C88-4D69-B932-40A9D5B755C2}"
EndProject
Project("{9A19103F-16F7-4668-BE54-9A1E7A4F7556}") = "BlazorHero.CleanArchitecture.Application", "BlazorHero.CleanArchitecture.Application\BlazorHero.CleanArchitecture.Application.csproj", "{9C175F31-4041-47AF-9577-D7AC488C2DFA}"
EndProject
Project("{9A19103F-16F7-4668-BE54-9A1E7A4F7556}") = "BlazorHero.CleanArchitecture.Infrastructure", "BlazorHero.CleanArchitecture.Infrastructure\BlazorHero.CleanArchitecture.Infrastructure.csproj", "{4B1846FD-5793-47BD-B89D-ABFB53141272}"
EndProject
Project("{2150E333-8FDC-42A3-9474-1A3956D46DE8}") = "Tests", "Tests", "{1D491AAE-7A45-4B6B-9E3B-F8F3F0EFDED5}"
EndProject
Project("{2150E333-8FDC-42A3-9474-1A3956D46DE8}") = "Web", "Web", "{FFBDEDF1-17E2-4F72-AE03-C99B44D8BFCA}"
EndProject
Project("{9A19103F-16F7-4668-BE54-9A1E7A4F7556}") = "BlazorHero.CleanArchitecture.Shared", "BlazorHero.CleanArchitecture.Shared\BlazorHero.CleanArchitecture.Shared.csproj", "{D22763DC-33FD-453E-AF00-A2028689F978}"
EndProject
Project("{2150E333-8FDC-42A3-9474-1A3956D46DE8}") = "Shared", "Shared", "{34B1D3CA-BBB6-449E-82A7-DF2BDBC9838F}"
EndProject
Project("{9A19103F-16F7-4668-BE54-9A1E7A4F7556}") = "BlazorHero.CleanArchitecture.Client.Infrastructure", "BlazorHero.CleanArchitecture.Client.Infrastructure\BlazorHero.CleanArchitecture.Client.Infrastructure.csproj", "{6B3A1D03-E35E-4579-A24A-E3343D024B4B}"
EndProject
Project("{9A19103F-16F7-4668-BE54-9A1E7A4F7556}") = "BlazorHero.CleanArchitecture.Infrastructure.Shared", "BlazorHero.CleanArchitecture.Infrastructure.Shared\BlazorHero.CleanArchitecture.Infrastructure.Shared.csproj", "{BFAD2E2A-8C7C-4357-9C81-D2ECDEEFC0F1}"
EndProject
Project("{9A19103F-16F7-4668-BE54-9A1E7A4F7556}") = "BlazorHero.CleanArchitecture.Common", "BlazorHero.CleanArchitecture.Common\BlazorHero.CleanArchitecture.Common.csproj", "{6F07D94C-7F6E-41BC-B32E-A612272823D2}"
EndProject
Project("{9A19103F-16F7-4668-BE54-9A1E7A4F7556}") = "BlazorHero.CleanArchitecture.Common.Tests", "BlazorHero.CleanArchitecture.Common.Tests\BlazorHero.CleanArchitecture.Common.Tests.csproj", "{2204D4DA-05F7-4FED-87D4-0E5CD3C906FB}"
EndProject
Project("{9A19103F-16F7-4668-BE54-9A1E7A4F7556}") = "BlazorHero.CleanArchitecture.TestInfrastructure", "BlazorHero.CleanArchitecture.TestInfrastructure\BlazorHero.CleanArchitecture.TestInfrastructure.csproj", "{1F0EBC33-B126-413F-931E-E989F0C64685}"
EndProject
Project("{9A19103F-16F7-4668-BE54-9A1E7A4F7556}") = "BlazorHero.CleanArchitecture.TestInfrastructure.Tests", "BlazorHero.CleanArchitecture.TestInfrastructure.Tests\BlazorHero.CleanArchitecture.TestInfrastructure.Tests.csproj", "{3D75C37B-17D4-44D4-BF12-8C9CEA166031}"
EndProject
Project("{9A19103F-16F7-4668-BE54-9A1E7A4F7556}") = "BlazorHero.CleanArchitecture.Client.Tests", "BlazorHero.CleanArchitecture.Client.Tests\BlazorHero.CleanArchitecture.Client.Tests.csproj", "{F650E8AC-6A4D-49A0-BA33-9E97C89396DE}"
EndProject
Project("{9A19103F-16F7-4668-BE54-9A1E7A4F7556}") = "BlazorHero.CleanArchitecture.Shared.Tests", "BlazorHero.CleanArchitecture.Shared.Tests\BlazorHero.CleanArchitecture.Shared.Tests.csproj", "{2A12C208-017A-4DF5-A630-6F99EAD77FBB}"
EndProject
Project("{9A19103F-16F7-4668-BE54-9A1E7A4F7556}") = "BlazorHero.CleanArchitecture.Infrastructure.Tests", "BlazorHero.CleanArchitecture.Infrastructure.Tests\BlazorHero.CleanArchitecture.Infrastructure.Tests.csproj", "{CEB83CF7-F089-42F4-AA61-11CA2EFB02F3}"
EndProject
Project("{9A19103F-16F7-4668-BE54-9A1E7A4F7556}") = "BlazorHero.CleanArchitecture.Infrastructure.Shared.Tests", "BlazorHero.CleanArchitecture.Infrastructure.Shared.Tests\BlazorHero.CleanArchitecture.Infrastructure.Shared.Tests.csproj", "{700D2045-4706-4669-97F4-80992BA86532}"
EndProject
Project("{9A19103F-16F7-4668-BE54-9A1E7A4F7556}") = "BlazorHero.CleanArchitecture.Application.Tests", "BlazorHero.CleanArchitecture.Application.Tests\BlazorHero.CleanArchitecture.Application.Tests.csproj", "{5C8BC56F-5759-4259-936D-F29F84274C85}"
EndProject
Project("{9A19103F-16F7-4668-BE54-9A1E7A4F7556}") = "BlazorHero.CleanArchitecture.Domain.Tests", "BlazorHero.CleanArchitecture.Domain.Tests\BlazorHero.CleanArchitecture.Domain.Tests.csproj", "{6BF93A83-3D97-45BC-91C1-CF538F9C222F}"
EndProject
Project("{9A19103F-16F7-4668-BE54-9A1E7A4F7556}") = "BlazorHero.CleanArchitecture.Client.Infrastructure.Tests", "BlazorHero.CleanArchitecture.Client.Infrastructure.Tests\BlazorHero.CleanArchitecture.Client.Infrastructure.Tests.csproj", "{38911F9F-9D67-4271-91D3-5F0F8D51E57D}"
EndProject
Project("{9A19103F-16F7-4668-BE54-9A1E7A4F7556}") = "BlazorHero.CleanArchitecture.Server.Tests", "BlazorHero.CleanArchitecture\Server.Tests\BlazorHero.CleanArchitecture.Server.Tests\BlazorHero.CleanArchitecture.Server.Tests.csproj", "{EB6AAEC5-A3F8-4590-B5A7-4EE607AF21C7}"
EndProject
Global
	GlobalSection(SolutionConfigurationPlatforms) = preSolution
		Debug|Any CPU = Debug|Any CPU
		Release|Any CPU = Release|Any CPU
	EndGlobalSection
	GlobalSection(ProjectConfigurationPlatforms) = postSolution
		{E306E167-C5CB-470B-A55E-60843F143B05}.Debug|Any CPU.ActiveCfg = Debug|Any CPU
		{E306E167-C5CB-470B-A55E-60843F143B05}.Debug|Any CPU.Build.0 = Debug|Any CPU
		{E306E167-C5CB-470B-A55E-60843F143B05}.Release|Any CPU.ActiveCfg = Release|Any CPU
		{E306E167-C5CB-470B-A55E-60843F143B05}.Release|Any CPU.Build.0 = Release|Any CPU
		{DB1309A5-3FAB-48EC-B5DF-582E8DFFE138}.Debug|Any CPU.ActiveCfg = Debug|Any CPU
		{DB1309A5-3FAB-48EC-B5DF-582E8DFFE138}.Debug|Any CPU.Build.0 = Debug|Any CPU
		{DB1309A5-3FAB-48EC-B5DF-582E8DFFE138}.Release|Any CPU.ActiveCfg = Release|Any CPU
		{DB1309A5-3FAB-48EC-B5DF-582E8DFFE138}.Release|Any CPU.Build.0 = Release|Any CPU
		{A7B45D03-7C88-4D69-B932-40A9D5B755C2}.Debug|Any CPU.ActiveCfg = Debug|Any CPU
		{A7B45D03-7C88-4D69-B932-40A9D5B755C2}.Debug|Any CPU.Build.0 = Debug|Any CPU
		{A7B45D03-7C88-4D69-B932-40A9D5B755C2}.Release|Any CPU.ActiveCfg = Release|Any CPU
		{A7B45D03-7C88-4D69-B932-40A9D5B755C2}.Release|Any CPU.Build.0 = Release|Any CPU
		{9C175F31-4041-47AF-9577-D7AC488C2DFA}.Debug|Any CPU.ActiveCfg = Debug|Any CPU
		{9C175F31-4041-47AF-9577-D7AC488C2DFA}.Debug|Any CPU.Build.0 = Debug|Any CPU
		{9C175F31-4041-47AF-9577-D7AC488C2DFA}.Release|Any CPU.ActiveCfg = Release|Any CPU
		{9C175F31-4041-47AF-9577-D7AC488C2DFA}.Release|Any CPU.Build.0 = Release|Any CPU
		{4B1846FD-5793-47BD-B89D-ABFB53141272}.Debug|Any CPU.ActiveCfg = Debug|Any CPU
		{4B1846FD-5793-47BD-B89D-ABFB53141272}.Debug|Any CPU.Build.0 = Debug|Any CPU
		{4B1846FD-5793-47BD-B89D-ABFB53141272}.Release|Any CPU.ActiveCfg = Release|Any CPU
		{4B1846FD-5793-47BD-B89D-ABFB53141272}.Release|Any CPU.Build.0 = Release|Any CPU
		{D22763DC-33FD-453E-AF00-A2028689F978}.Debug|Any CPU.ActiveCfg = Debug|Any CPU
		{D22763DC-33FD-453E-AF00-A2028689F978}.Debug|Any CPU.Build.0 = Debug|Any CPU
		{D22763DC-33FD-453E-AF00-A2028689F978}.Release|Any CPU.ActiveCfg = Release|Any CPU
		{D22763DC-33FD-453E-AF00-A2028689F978}.Release|Any CPU.Build.0 = Release|Any CPU
		{6B3A1D03-E35E-4579-A24A-E3343D024B4B}.Debug|Any CPU.ActiveCfg = Debug|Any CPU
		{6B3A1D03-E35E-4579-A24A-E3343D024B4B}.Debug|Any CPU.Build.0 = Debug|Any CPU
		{6B3A1D03-E35E-4579-A24A-E3343D024B4B}.Release|Any CPU.ActiveCfg = Release|Any CPU
		{6B3A1D03-E35E-4579-A24A-E3343D024B4B}.Release|Any CPU.Build.0 = Release|Any CPU
		{BFAD2E2A-8C7C-4357-9C81-D2ECDEEFC0F1}.Debug|Any CPU.ActiveCfg = Debug|Any CPU
		{BFAD2E2A-8C7C-4357-9C81-D2ECDEEFC0F1}.Debug|Any CPU.Build.0 = Debug|Any CPU
		{BFAD2E2A-8C7C-4357-9C81-D2ECDEEFC0F1}.Release|Any CPU.ActiveCfg = Release|Any CPU
		{BFAD2E2A-8C7C-4357-9C81-D2ECDEEFC0F1}.Release|Any CPU.Build.0 = Release|Any CPU
		{6F07D94C-7F6E-41BC-B32E-A612272823D2}.Debug|Any CPU.ActiveCfg = Debug|Any CPU
		{6F07D94C-7F6E-41BC-B32E-A612272823D2}.Debug|Any CPU.Build.0 = Debug|Any CPU
		{6F07D94C-7F6E-41BC-B32E-A612272823D2}.Release|Any CPU.ActiveCfg = Release|Any CPU
		{6F07D94C-7F6E-41BC-B32E-A612272823D2}.Release|Any CPU.Build.0 = Release|Any CPU
		{2204D4DA-05F7-4FED-87D4-0E5CD3C906FB}.Debug|Any CPU.ActiveCfg = Debug|Any CPU
		{2204D4DA-05F7-4FED-87D4-0E5CD3C906FB}.Debug|Any CPU.Build.0 = Debug|Any CPU
		{2204D4DA-05F7-4FED-87D4-0E5CD3C906FB}.Release|Any CPU.ActiveCfg = Release|Any CPU
		{2204D4DA-05F7-4FED-87D4-0E5CD3C906FB}.Release|Any CPU.Build.0 = Release|Any CPU
		{1F0EBC33-B126-413F-931E-E989F0C64685}.Debug|Any CPU.ActiveCfg = Debug|Any CPU
		{1F0EBC33-B126-413F-931E-E989F0C64685}.Debug|Any CPU.Build.0 = Debug|Any CPU
		{1F0EBC33-B126-413F-931E-E989F0C64685}.Release|Any CPU.ActiveCfg = Release|Any CPU
		{1F0EBC33-B126-413F-931E-E989F0C64685}.Release|Any CPU.Build.0 = Release|Any CPU
		{3D75C37B-17D4-44D4-BF12-8C9CEA166031}.Debug|Any CPU.ActiveCfg = Debug|Any CPU
		{3D75C37B-17D4-44D4-BF12-8C9CEA166031}.Debug|Any CPU.Build.0 = Debug|Any CPU
		{3D75C37B-17D4-44D4-BF12-8C9CEA166031}.Release|Any CPU.ActiveCfg = Release|Any CPU
		{3D75C37B-17D4-44D4-BF12-8C9CEA166031}.Release|Any CPU.Build.0 = Release|Any CPU
		{F650E8AC-6A4D-49A0-BA33-9E97C89396DE}.Debug|Any CPU.ActiveCfg = Debug|Any CPU
		{F650E8AC-6A4D-49A0-BA33-9E97C89396DE}.Debug|Any CPU.Build.0 = Debug|Any CPU
		{F650E8AC-6A4D-49A0-BA33-9E97C89396DE}.Release|Any CPU.ActiveCfg = Release|Any CPU
		{F650E8AC-6A4D-49A0-BA33-9E97C89396DE}.Release|Any CPU.Build.0 = Release|Any CPU
		{2A12C208-017A-4DF5-A630-6F99EAD77FBB}.Debug|Any CPU.ActiveCfg = Debug|Any CPU
		{2A12C208-017A-4DF5-A630-6F99EAD77FBB}.Debug|Any CPU.Build.0 = Debug|Any CPU
		{2A12C208-017A-4DF5-A630-6F99EAD77FBB}.Release|Any CPU.ActiveCfg = Release|Any CPU
		{2A12C208-017A-4DF5-A630-6F99EAD77FBB}.Release|Any CPU.Build.0 = Release|Any CPU
		{CEB83CF7-F089-42F4-AA61-11CA2EFB02F3}.Debug|Any CPU.ActiveCfg = Debug|Any CPU
		{CEB83CF7-F089-42F4-AA61-11CA2EFB02F3}.Debug|Any CPU.Build.0 = Debug|Any CPU
		{CEB83CF7-F089-42F4-AA61-11CA2EFB02F3}.Release|Any CPU.ActiveCfg = Release|Any CPU
		{CEB83CF7-F089-42F4-AA61-11CA2EFB02F3}.Release|Any CPU.Build.0 = Release|Any CPU
		{700D2045-4706-4669-97F4-80992BA86532}.Debug|Any CPU.ActiveCfg = Debug|Any CPU
		{700D2045-4706-4669-97F4-80992BA86532}.Debug|Any CPU.Build.0 = Debug|Any CPU
		{700D2045-4706-4669-97F4-80992BA86532}.Release|Any CPU.ActiveCfg = Release|Any CPU
		{700D2045-4706-4669-97F4-80992BA86532}.Release|Any CPU.Build.0 = Release|Any CPU
		{5C8BC56F-5759-4259-936D-F29F84274C85}.Debug|Any CPU.ActiveCfg = Debug|Any CPU
		{5C8BC56F-5759-4259-936D-F29F84274C85}.Debug|Any CPU.Build.0 = Debug|Any CPU
		{5C8BC56F-5759-4259-936D-F29F84274C85}.Release|Any CPU.ActiveCfg = Release|Any CPU
		{5C8BC56F-5759-4259-936D-F29F84274C85}.Release|Any CPU.Build.0 = Release|Any CPU
		{6BF93A83-3D97-45BC-91C1-CF538F9C222F}.Debug|Any CPU.ActiveCfg = Debug|Any CPU
		{6BF93A83-3D97-45BC-91C1-CF538F9C222F}.Debug|Any CPU.Build.0 = Debug|Any CPU
		{6BF93A83-3D97-45BC-91C1-CF538F9C222F}.Release|Any CPU.ActiveCfg = Release|Any CPU
		{6BF93A83-3D97-45BC-91C1-CF538F9C222F}.Release|Any CPU.Build.0 = Release|Any CPU
		{38911F9F-9D67-4271-91D3-5F0F8D51E57D}.Debug|Any CPU.ActiveCfg = Debug|Any CPU
		{38911F9F-9D67-4271-91D3-5F0F8D51E57D}.Debug|Any CPU.Build.0 = Debug|Any CPU
		{38911F9F-9D67-4271-91D3-5F0F8D51E57D}.Release|Any CPU.ActiveCfg = Release|Any CPU
		{38911F9F-9D67-4271-91D3-5F0F8D51E57D}.Release|Any CPU.Build.0 = Release|Any CPU
		{EB6AAEC5-A3F8-4590-B5A7-4EE607AF21C7}.Debug|Any CPU.ActiveCfg = Debug|Any CPU
		{EB6AAEC5-A3F8-4590-B5A7-4EE607AF21C7}.Debug|Any CPU.Build.0 = Debug|Any CPU
		{EB6AAEC5-A3F8-4590-B5A7-4EE607AF21C7}.Release|Any CPU.ActiveCfg = Release|Any CPU
		{EB6AAEC5-A3F8-4590-B5A7-4EE607AF21C7}.Release|Any CPU.Build.0 = Release|Any CPU
	EndGlobalSection
	GlobalSection(SolutionProperties) = preSolution
		HideSolutionNode = FALSE
	EndGlobalSection
	GlobalSection(NestedProjects) = preSolution
		{885BB018-5B07-4038-B061-71B70188933B} = {FFBDEDF1-17E2-4F72-AE03-C99B44D8BFCA}
		{D564603F-8CDE-4D4C-9683-67FA9DCE7F12} = {0317DF35-F5C5-4986-BA37-40C28554268F}
		{39A93E2F-51DE-47C0-93AF-A24561630C18} = {0317DF35-F5C5-4986-BA37-40C28554268F}
		{E306E167-C5CB-470B-A55E-60843F143B05} = {BAC861DD-C8B1-40D7-AE95-BCA8FA3F8966}
		{DB1309A5-3FAB-48EC-B5DF-582E8DFFE138} = {885BB018-5B07-4038-B061-71B70188933B}
		{BAC861DD-C8B1-40D7-AE95-BCA8FA3F8966} = {FFBDEDF1-17E2-4F72-AE03-C99B44D8BFCA}
		{A7B45D03-7C88-4D69-B932-40A9D5B755C2} = {D564603F-8CDE-4D4C-9683-67FA9DCE7F12}
		{9C175F31-4041-47AF-9577-D7AC488C2DFA} = {D564603F-8CDE-4D4C-9683-67FA9DCE7F12}
		{4B1846FD-5793-47BD-B89D-ABFB53141272} = {39A93E2F-51DE-47C0-93AF-A24561630C18}
		{FFBDEDF1-17E2-4F72-AE03-C99B44D8BFCA} = {0317DF35-F5C5-4986-BA37-40C28554268F}
		{D22763DC-33FD-453E-AF00-A2028689F978} = {34B1D3CA-BBB6-449E-82A7-DF2BDBC9838F}
		{34B1D3CA-BBB6-449E-82A7-DF2BDBC9838F} = {0317DF35-F5C5-4986-BA37-40C28554268F}
		{6B3A1D03-E35E-4579-A24A-E3343D024B4B} = {885BB018-5B07-4038-B061-71B70188933B}
		{BFAD2E2A-8C7C-4357-9C81-D2ECDEEFC0F1} = {39A93E2F-51DE-47C0-93AF-A24561630C18}
		{6F07D94C-7F6E-41BC-B32E-A612272823D2} = {34B1D3CA-BBB6-449E-82A7-DF2BDBC9838F}
		{2204D4DA-05F7-4FED-87D4-0E5CD3C906FB} = {34B1D3CA-BBB6-449E-82A7-DF2BDBC9838F}
		{1F0EBC33-B126-413F-931E-E989F0C64685} = {34B1D3CA-BBB6-449E-82A7-DF2BDBC9838F}
		{3D75C37B-17D4-44D4-BF12-8C9CEA166031} = {34B1D3CA-BBB6-449E-82A7-DF2BDBC9838F}
		{F650E8AC-6A4D-49A0-BA33-9E97C89396DE} = {885BB018-5B07-4038-B061-71B70188933B}
		{2A12C208-017A-4DF5-A630-6F99EAD77FBB} = {34B1D3CA-BBB6-449E-82A7-DF2BDBC9838F}
		{CEB83CF7-F089-42F4-AA61-11CA2EFB02F3} = {39A93E2F-51DE-47C0-93AF-A24561630C18}
		{700D2045-4706-4669-97F4-80992BA86532} = {39A93E2F-51DE-47C0-93AF-A24561630C18}
		{5C8BC56F-5759-4259-936D-F29F84274C85} = {D564603F-8CDE-4D4C-9683-67FA9DCE7F12}
		{6BF93A83-3D97-45BC-91C1-CF538F9C222F} = {D564603F-8CDE-4D4C-9683-67FA9DCE7F12}
		{38911F9F-9D67-4271-91D3-5F0F8D51E57D} = {885BB018-5B07-4038-B061-71B70188933B}
		{EB6AAEC5-A3F8-4590-B5A7-4EE607AF21C7} = {BAC861DD-C8B1-40D7-AE95-BCA8FA3F8966}
	EndGlobalSection
	GlobalSection(ExtensibilityGlobals) = postSolution
		SolutionGuid = {ED3E6669-AEC5-4A3B-9E57-2A81DE87BAAF}
	EndGlobalSection
EndGlobal
